# This file is automatically @generated by Poetry 2.2.1 and should not be changed by hand.

[[package]]
name = "joblib"
version = "1.5.2"
description = "Lightweight pipelining with Python functions"
optional = false
python-versions = ">=3.9"
groups = ["main"]
files = [
    {file = "joblib-1.5.2-py3-none-any.whl", hash = "sha256:4e1f0bdbb987e6d843c70cf43714cb276623def372df3c22fe5266b2670bc241"},
    {file = "joblib-1.5.2.tar.gz", hash = "sha256:3faa5c39054b2f03ca547da9b2f52fde67c06240c31853f306aea97f13647b55"},
]

[[package]]
name = "numpy"
version = "2.3.4"
description = "Fundamental package for array computing in Python"
optional = false
python-versions = ">=3.11"
groups = ["main"]
files = [
    {file = "numpy-2.3.4-cp311-cp311-macosx_10_9_x86_64.whl", hash = "sha256:e78aecd2800b32e8347ce49316d3eaf04aed849cd5b38e0af39f829a4e59f5eb"},
    {file = "numpy-2.3.4-cp311-cp311-macosx_11_0_arm64.whl", hash = "sha256:7fd09cc5d65bda1e79432859c40978010622112e9194e581e3415a3eccc7f43f"},
    {file = "numpy-2.3.4-cp311-cp311-macosx_14_0_arm64.whl", hash = "sha256:1b219560ae2c1de48ead517d085bc2d05b9433f8e49d0955c82e8cd37bd7bf36"},
    {file = "numpy-2.3.4-cp311-cp311-macosx_14_0_x86_64.whl", hash = "sha256:bafa7d87d4c99752d07815ed7a2c0964f8ab311eb8168f41b910bd01d15b6032"},
    {file = "numpy-2.3.4-cp311-cp311-manylinux_2_27_aarch64.manylinux_2_28_aarch64.whl", hash = "sha256:36dc13af226aeab72b7abad501d370d606326a0029b9f435eacb3b8c94b8a8b7"},
    {file = "numpy-2.3.4-cp311-cp311-manylinux_2_27_x86_64.manylinux_2_28_x86_64.whl", hash = "sha256:a7b2f9a18b5ff9824a6af80de4f37f4ec3c2aab05ef08f51c77a093f5b89adda"},
    {file = "numpy-2.3.4-cp311-cp311-musllinux_1_2_aarch64.whl", hash = "sha256:9984bd645a8db6ca15d850ff996856d8762c51a2239225288f08f9050ca240a0"},
    {file = "numpy-2.3.4-cp311-cp311-musllinux_1_2_x86_64.whl", hash = "sha256:64c5825affc76942973a70acf438a8ab618dbd692b84cd5ec40a0a0509edc09a"},
    {file = "numpy-2.3.4-cp311-cp311-win32.whl", hash = "sha256:ed759bf7a70342f7817d88376eb7142fab9fef8320d6019ef87fae05a99874e1"},
    {file = "numpy-2.3.4-cp311-cp311-win_amd64.whl", hash = "sha256:faba246fb30ea2a526c2e9645f61612341de1a83fb1e0c5edf4ddda5a9c10996"},
    {file = "numpy-2.3.4-cp311-cp311-win_arm64.whl", hash = "sha256:4c01835e718bcebe80394fd0ac66c07cbb90147ebbdad3dcecd3f25de2ae7e2c"},
    {file = "numpy-2.3.4-cp312-cp312-macosx_10_13_x86_64.whl", hash = "sha256:ef1b5a3e808bc40827b5fa2c8196151a4c5abe110e1726949d7abddfe5c7ae11"},
    {file = "numpy-2.3.4-cp312-cp312-macosx_11_0_arm64.whl", hash = "sha256:c2f91f496a87235c6aaf6d3f3d89b17dba64996abadccb289f48456cff931ca9"},
    {file = "numpy-2.3.4-cp312-cp312-macosx_14_0_arm64.whl", hash = "sha256:f77e5b3d3da652b474cc80a14084927a5e86a5eccf54ca8ca5cbd697bf7f2667"},
    {file = "numpy-2.3.4-cp312-cp312-macosx_14_0_x86_64.whl", hash = "sha256:8ab1c5f5ee40d6e01cbe96de5863e39b215a4d24e7d007cad56c7184fdf4aeef"},
    {file = "numpy-2.3.4-cp312-cp312-manylinux_2_27_aarch64.manylinux_2_28_aarch64.whl", hash = "sha256:77b84453f3adcb994ddbd0d1c5d11db2d6bda1a2b7fd5ac5bd4649d6f5dc682e"},
    {file = "numpy-2.3.4-cp312-cp312-manylinux_2_27_x86_64.manylinux_2_28_x86_64.whl", hash = "sha256:4121c5beb58a7f9e6dfdee612cb24f4df5cd4db6e8261d7f4d7450a997a65d6a"},
    {file = "numpy-2.3.4-cp312-cp312-musllinux_1_2_aarch64.whl", hash = "sha256:65611ecbb00ac9846efe04db15cbe6186f562f6bb7e5e05f077e53a599225d16"},
    {file = "numpy-2.3.4-cp312-cp312-musllinux_1_2_x86_64.whl", hash = "sha256:dabc42f9c6577bcc13001b8810d300fe814b4cfbe8a92c873f269484594f9786"},
    {file = "numpy-2.3.4-cp312-cp312-win32.whl", hash = "sha256:a49d797192a8d950ca59ee2d0337a4d804f713bb5c3c50e8db26d49666e351dc"},
    {file = "numpy-2.3.4-cp312-cp312-win_amd64.whl", hash = "sha256:985f1e46358f06c2a09921e8921e2c98168ed4ae12ccd6e5e87a4f1857923f32"},
    {file = "numpy-2.3.4-cp312-cp312-win_arm64.whl", hash = "sha256:4635239814149e06e2cb9db3dd584b2fa64316c96f10656983b8026a82e6e4db"},
    {file = "numpy-2.3.4-cp313-cp313-macosx_10_13_x86_64.whl", hash = "sha256:c090d4860032b857d94144d1a9976b8e36709e40386db289aaf6672de2a81966"},
    {file = "numpy-2.3.4-cp313-cp313-macosx_11_0_arm64.whl", hash = "sha256:a13fc473b6db0be619e45f11f9e81260f7302f8d180c49a22b6e6120022596b3"},
    {file = "numpy-2.3.4-cp313-cp313-macosx_14_0_arm64.whl", hash = "sha256:3634093d0b428e6c32c3a69b78e554f0cd20ee420dcad5a9f3b2a63762ce4197"},
    {file = "numpy-2.3.4-cp313-cp313-macosx_14_0_x86_64.whl", hash = "sha256:043885b4f7e6e232d7df4f51ffdef8c36320ee9d5f227b380ea636722c7ed12e"},
    {file = "numpy-2.3.4-cp313-cp313-manylinux_2_27_aarch64.manylinux_2_28_aarch64.whl", hash = "sha256:4ee6a571d1e4f0ea6d5f22d6e5fbd6ed1dc2b18542848e1e7301bd190500c9d7"},
    {file = "numpy-2.3.4-cp313-cp313-manylinux_2_27_x86_64.manylinux_2_28_x86_64.whl", hash = "sha256:fc8a63918b04b8571789688b2780ab2b4a33ab44bfe8ccea36d3eba51228c953"},
    {file = "numpy-2.3.4-cp313-cp313-musllinux_1_2_aarch64.whl", hash = "sha256:40cc556d5abbc54aabe2b1ae287042d7bdb80c08edede19f0c0afb36ae586f37"},
    {file = "numpy-2.3.4-cp313-cp313-musllinux_1_2_x86_64.whl", hash = "sha256:ecb63014bb7f4ce653f8be7f1df8cbc6093a5a2811211770f6606cc92b5a78fd"},
    {file = "numpy-2.3.4-cp313-cp313-win32.whl", hash = "sha256:e8370eb6925bb8c1c4264fec52b0384b44f675f191df91cbe0140ec9f0955646"},
    {file = "numpy-2.3.4-cp313-cp313-win_amd64.whl", hash = "sha256:56209416e81a7893036eea03abcb91c130643eb14233b2515c90dcac963fe99d"},
    {file = "numpy-2.3.4-cp313-cp313-win_arm64.whl", hash = "sha256:a700a4031bc0fd6936e78a752eefb79092cecad2599ea9c8039c548bc097f9bc"},
    {file = "numpy-2.3.4-cp313-cp313t-macosx_10_13_x86_64.whl", hash = "sha256:86966db35c4040fdca64f0816a1c1dd8dbd027d90fca5a57e00e1ca4cd41b879"},
    {file = "numpy-2.3.4-cp313-cp313t-macosx_11_0_arm64.whl", hash = "sha256:838f045478638b26c375ee96ea89464d38428c69170360b23a1a50fa4baa3562"},
    {file = "numpy-2.3.4-cp313-cp313t-macosx_14_0_arm64.whl", hash = "sha256:d7315ed1dab0286adca467377c8381cd748f3dc92235f22a7dfc42745644a96a"},
    {file = "numpy-2.3.4-cp313-cp313t-macosx_14_0_x86_64.whl", hash = "sha256:84f01a4d18b2cc4ade1814a08e5f3c907b079c847051d720fad15ce37aa930b6"},
    {file = "numpy-2.3.4-cp313-cp313t-manylinux_2_27_aarch64.manylinux_2_28_aarch64.whl", hash = "sha256:817e719a868f0dacde4abdfc5c1910b301877970195db9ab6a5e2c4bd5b121f7"},
    {file = "numpy-2.3.4-cp313-cp313t-manylinux_2_27_x86_64.manylinux_2_28_x86_64.whl", hash = "sha256:85e071da78d92a214212cacea81c6da557cab307f2c34b5f85b628e94803f9c0"},
    {file = "numpy-2.3.4-cp313-cp313t-musllinux_1_2_aarch64.whl", hash = "sha256:2ec646892819370cf3558f518797f16597b4e4669894a2ba712caccc9da53f1f"},
    {file = "numpy-2.3.4-cp313-cp313t-musllinux_1_2_x86_64.whl", hash = "sha256:035796aaaddfe2f9664b9a9372f089cfc88bd795a67bd1bfe15e6e770934cf64"},
    {file = "numpy-2.3.4-cp313-cp313t-win32.whl", hash = "sha256:fea80f4f4cf83b54c3a051f2f727870ee51e22f0248d3114b8e755d160b38cfb"},
    {file = "numpy-2.3.4-cp313-cp313t-win_amd64.whl", hash = "sha256:15eea9f306b98e0be91eb344a94c0e630689ef302e10c2ce5f7e11905c704f9c"},
    {file = "numpy-2.3.4-cp313-cp313t-win_arm64.whl", hash = "sha256:b6c231c9c2fadbae4011ca5e7e83e12dc4a5072f1a1d85a0a7b3ed754d145a40"},
    {file = "numpy-2.3.4-cp314-cp314-macosx_10_15_x86_64.whl", hash = "sha256:81c3e6d8c97295a7360d367f9f8553973651b76907988bb6066376bc2252f24e"},
    {file = "numpy-2.3.4-cp314-cp314-macosx_11_0_arm64.whl", hash = "sha256:7c26b0b2bf58009ed1f38a641f3db4be8d960a417ca96d14e5b06df1506d41ff"},
    {file = "numpy-2.3.4-cp314-cp314-macosx_14_0_arm64.whl", hash = "sha256:62b2198c438058a20b6704351b35a1d7db881812d8512d67a69c9de1f18ca05f"},
    {file = "numpy-2.3.4-cp314-cp314-macosx_14_0_x86_64.whl", hash = "sha256:9d729d60f8d53a7361707f4b68a9663c968882dd4f09e0d58c044c8bf5faee7b"},
    {file = "numpy-2.3.4-cp314-cp314-manylinux_2_27_aarch64.manylinux_2_28_aarch64.whl", hash = "sha256:bd0c630cf256b0a7fd9d0a11c9413b42fef5101219ce6ed5a09624f5a65392c7"},
    {file = "numpy-2.3.4-cp314-cp314-manylinux_2_27_x86_64.manylinux_2_28_x86_64.whl", hash = "sha256:d5e081bc082825f8b139f9e9fe42942cb4054524598aaeb177ff476cc76d09d2"},
    {file = "numpy-2.3.4-cp314-cp314-musllinux_1_2_aarch64.whl", hash = "sha256:15fb27364ed84114438fff8aaf998c9e19adbeba08c0b75409f8c452a8692c52"},
    {file = "numpy-2.3.4-cp314-cp314-musllinux_1_2_x86_64.whl", hash = "sha256:85d9fb2d8cd998c84d13a79a09cc0c1091648e848e4e6249b0ccd7f6b487fa26"},
    {file = "numpy-2.3.4-cp314-cp314-win32.whl", hash = "sha256:e73d63fd04e3a9d6bc187f5455d81abfad05660b212c8804bf3b407e984cd2bc"},
    {file = "numpy-2.3.4-cp314-cp314-win_amd64.whl", hash = "sha256:3da3491cee49cf16157e70f607c03a217ea6647b1cea4819c4f48e53d49139b9"},
    {file = "numpy-2.3.4-cp314-cp314-win_arm64.whl", hash = "sha256:6d9cd732068e8288dbe2717177320723ccec4fb064123f0caf9bbd90ab5be868"},
    {file = "numpy-2.3.4-cp314-cp314t-macosx_10_15_x86_64.whl", hash = "sha256:22758999b256b595cf0b1d102b133bb61866ba5ceecf15f759623b64c020c9ec"},
    {file = "numpy-2.3.4-cp314-cp314t-macosx_11_0_arm64.whl", hash = "sha256:9cb177bc55b010b19798dc5497d540dea67fd13a8d9e882b2dae71de0cf09eb3"},
    {file = "numpy-2.3.4-cp314-cp314t-macosx_14_0_arm64.whl", hash = "sha256:0f2bcc76f1e05e5ab58893407c63d90b2029908fa41f9f1cc51eecce936c3365"},
    {file = "numpy-2.3.4-cp314-cp314t-macosx_14_0_x86_64.whl", hash = "sha256:8dc20bde86802df2ed8397a08d793da0ad7a5fd4ea3ac85d757bf5dd4ad7c252"},
    {file = "numpy-2.3.4-cp314-cp314t-manylinux_2_27_aarch64.manylinux_2_28_aarch64.whl", hash = "sha256:5e199c087e2aa71c8f9ce1cb7a8e10677dc12457e7cc1be4798632da37c3e86e"},
    {file = "numpy-2.3.4-cp314-cp314t-manylinux_2_27_x86_64.manylinux_2_28_x86_64.whl", hash = "sha256:85597b2d25ddf655495e2363fe044b0ae999b75bc4d630dc0d886484b03a5eb0"},
    {file = "numpy-2.3.4-cp314-cp314t-musllinux_1_2_aarch64.whl", hash = "sha256:04a69abe45b49c5955923cf2c407843d1c85013b424ae8a560bba16c92fe44a0"},
    {file = "numpy-2.3.4-cp314-cp314t-musllinux_1_2_x86_64.whl", hash = "sha256:e1708fac43ef8b419c975926ce1eaf793b0c13b7356cfab6ab0dc34c0a02ac0f"},
    {file = "numpy-2.3.4-cp314-cp314t-win32.whl", hash = "sha256:863e3b5f4d9915aaf1b8ec79ae560ad21f0b8d5e3adc31e73126491bb86dee1d"},
    {file = "numpy-2.3.4-cp314-cp314t-win_amd64.whl", hash = "sha256:962064de37b9aef801d33bc579690f8bfe6c5e70e29b61783f60bcba838a14d6"},
    {file = "numpy-2.3.4-cp314-cp314t-win_arm64.whl", hash = "sha256:8b5a9a39c45d852b62693d9b3f3e0fe052541f804296ff401a72a1b60edafb29"},
    {file = "numpy-2.3.4-pp311-pypy311_pp73-macosx_10_15_x86_64.whl", hash = "sha256:6e274603039f924c0fe5cb73438fa9246699c78a6df1bd3decef9ae592ae1c05"},
    {file = "numpy-2.3.4-pp311-pypy311_pp73-macosx_11_0_arm64.whl", hash = "sha256:d149aee5c72176d9ddbc6803aef9c0f6d2ceeea7626574fc68518da5476fa346"},
    {file = "numpy-2.3.4-pp311-pypy311_pp73-macosx_14_0_arm64.whl", hash = "sha256:6d34ed9db9e6395bb6cd33286035f73a59b058169733a9db9f85e650b88df37e"},
    {file = "numpy-2.3.4-pp311-pypy311_pp73-macosx_14_0_x86_64.whl", hash = "sha256:fdebe771ca06bb8d6abce84e51dca9f7921fe6ad34a0c914541b063e9a68928b"},
    {file = "numpy-2.3.4-pp311-pypy311_pp73-manylinux_2_27_aarch64.manylinux_2_28_aarch64.whl", hash = "sha256:957e92defe6c08211eb77902253b14fe5b480ebc5112bc741fd5e9cd0608f847"},
    {file = "numpy-2.3.4-pp311-pypy311_pp73-manylinux_2_27_x86_64.manylinux_2_28_x86_64.whl", hash = "sha256:13b9062e4f5c7ee5c7e5be96f29ba71bc5a37fed3d1d77c37390ae00724d296d"},
    {file = "numpy-2.3.4-pp311-pypy311_pp73-win_amd64.whl", hash = "sha256:81b3a59793523e552c4a96109dde028aa4448ae06ccac5a76ff6532a85558a7f"},
    {file = "numpy-2.3.4.tar.gz", hash = "sha256:a7d018bfedb375a8d979ac758b120ba846a7fe764911a64465fd87b8729f4a6a"},
]

[[package]]
name = "scikit-learn"
version = "1.6.1"
description = "A set of python modules for machine learning and data mining"
optional = false
python-versions = ">=3.9"
groups = ["main"]
files = [
    {file = "scikit_learn-1.6.1-cp310-cp310-macosx_10_9_x86_64.whl", hash = "sha256:d056391530ccd1e501056160e3c9673b4da4805eb67eb2bdf4e983e1f9c9204e"},
    {file = "scikit_learn-1.6.1-cp310-cp310-macosx_12_0_arm64.whl", hash = "sha256:0c8d036eb937dbb568c6242fa598d551d88fb4399c0344d95c001980ec1c7d36"},
    {file = "scikit_learn-1.6.1-cp310-cp310-manylinux_2_17_aarch64.manylinux2014_aarch64.whl", hash = "sha256:8634c4bd21a2a813e0a7e3900464e6d593162a29dd35d25bdf0103b3fce60ed5"},
    {file = "scikit_learn-1.6.1-cp310-cp310-manylinux_2_17_x86_64.manylinux2014_x86_64.whl", hash = "sha256:775da975a471c4f6f467725dff0ced5c7ac7bda5e9316b260225b48475279a1b"},
    {file = "scikit_learn-1.6.1-cp310-cp310-win_amd64.whl", hash = "sha256:8a600c31592bd7dab31e1c61b9bbd6dea1b3433e67d264d17ce1017dbdce8002"},
    {file = "scikit_learn-1.6.1-cp311-cp311-macosx_10_9_x86_64.whl", hash = "sha256:72abc587c75234935e97d09aa4913a82f7b03ee0b74111dcc2881cba3c5a7b33"},
    {file = "scikit_learn-1.6.1-cp311-cp311-macosx_12_0_arm64.whl", hash = "sha256:b3b00cdc8f1317b5f33191df1386c0befd16625f49d979fe77a8d44cae82410d"},
    {file = "scikit_learn-1.6.1-cp311-cp311-manylinux_2_17_aarch64.manylinux2014_aarch64.whl", hash = "sha256:dc4765af3386811c3ca21638f63b9cf5ecf66261cc4815c1db3f1e7dc7b79db2"},
    {file = "scikit_learn-1.6.1-cp311-cp311-manylinux_2_17_x86_64.manylinux2014_x86_64.whl", hash = "sha256:25fc636bdaf1cc2f4a124a116312d837148b5e10872147bdaf4887926b8c03d8"},
    {file = "scikit_learn-1.6.1-cp311-cp311-win_amd64.whl", hash = "sha256:fa909b1a36e000a03c382aade0bd2063fd5680ff8b8e501660c0f59f021a6415"},
    {file = "scikit_learn-1.6.1-cp312-cp312-macosx_10_13_x86_64.whl", hash = "sha256:926f207c804104677af4857b2c609940b743d04c4c35ce0ddc8ff4f053cddc1b"},
    {file = "scikit_learn-1.6.1-cp312-cp312-macosx_12_0_arm64.whl", hash = "sha256:2c2cae262064e6a9b77eee1c8e768fc46aa0b8338c6a8297b9b6759720ec0ff2"},
    {file = "scikit_learn-1.6.1-cp312-cp312-manylinux_2_17_aarch64.manylinux2014_aarch64.whl", hash = "sha256:1061b7c028a8663fb9a1a1baf9317b64a257fcb036dae5c8752b2abef31d136f"},
    {file = "scikit_learn-1.6.1-cp312-cp312-manylinux_2_17_x86_64.manylinux2014_x86_64.whl", hash = "sha256:2e69fab4ebfc9c9b580a7a80111b43d214ab06250f8a7ef590a4edf72464dd86"},
    {file = "scikit_learn-1.6.1-cp312-cp312-win_amd64.whl", hash = "sha256:70b1d7e85b1c96383f872a519b3375f92f14731e279a7b4c6cfd650cf5dffc52"},
    {file = "scikit_learn-1.6.1-cp313-cp313-macosx_10_13_x86_64.whl", hash = "sha256:2ffa1e9e25b3d93990e74a4be2c2fc61ee5af85811562f1288d5d055880c4322"},
    {file = "scikit_learn-1.6.1-cp313-cp313-macosx_12_0_arm64.whl", hash = "sha256:dc5cf3d68c5a20ad6d571584c0750ec641cc46aeef1c1507be51300e6003a7e1"},
    {file = "scikit_learn-1.6.1-cp313-cp313-manylinux_2_17_aarch64.manylinux2014_aarch64.whl", hash = "sha256:c06beb2e839ecc641366000ca84f3cf6fa9faa1777e29cf0c04be6e4d096a348"},
    {file = "scikit_learn-1.6.1-cp313-cp313-manylinux_2_17_x86_64.manylinux2014_x86_64.whl", hash = "sha256:e8ca8cb270fee8f1f76fa9bfd5c3507d60c6438bbee5687f81042e2bb98e5a97"},
    {file = "scikit_learn-1.6.1-cp313-cp313-win_amd64.whl", hash = "sha256:7a1c43c8ec9fde528d664d947dc4c0789be4077a3647f232869f41d9bf50e0fb"},
    {file = "scikit_learn-1.6.1-cp313-cp313t-macosx_10_13_x86_64.whl", hash = "sha256:a17c1dea1d56dcda2fac315712f3651a1fea86565b64b48fa1bc090249cbf236"},
    {file = "scikit_learn-1.6.1-cp313-cp313t-macosx_12_0_arm64.whl", hash = "sha256:6a7aa5f9908f0f28f4edaa6963c0a6183f1911e63a69aa03782f0d924c830a35"},
    {file = "scikit_learn-1.6.1-cp313-cp313t-manylinux_2_17_x86_64.manylinux2014_x86_64.whl", hash = "sha256:0650e730afb87402baa88afbf31c07b84c98272622aaba002559b614600ca691"},
    {file = "scikit_learn-1.6.1-cp313-cp313t-win_amd64.whl", hash = "sha256:3f59fe08dc03ea158605170eb52b22a105f238a5d512c4470ddeca71feae8e5f"},
    {file = "scikit_learn-1.6.1-cp39-cp39-macosx_10_9_x86_64.whl", hash = "sha256:6849dd3234e87f55dce1db34c89a810b489ead832aaf4d4550b7ea85628be6c1"},
    {file = "scikit_learn-1.6.1-cp39-cp39-macosx_12_0_arm64.whl", hash = "sha256:e7be3fa5d2eb9be7d77c3734ff1d599151bb523674be9b834e8da6abe132f44e"},
    {file = "scikit_learn-1.6.1-cp39-cp39-manylinux_2_17_aarch64.manylinux2014_aarch64.whl", hash = "sha256:44a17798172df1d3c1065e8fcf9019183f06c87609b49a124ebdf57ae6cb0107"},
    {file = "scikit_learn-1.6.1-cp39-cp39-manylinux_2_17_x86_64.manylinux2014_x86_64.whl", hash = "sha256:b8b7a3b86e411e4bce21186e1c180d792f3d99223dcfa3b4f597ecc92fa1a422"},
    {file = "scikit_learn-1.6.1-cp39-cp39-win_amd64.whl", hash = "sha256:7a73d457070e3318e32bdb3aa79a8d990474f19035464dfd8bede2883ab5dc3b"},
    {file = "scikit_learn-1.6.1.tar.gz", hash = "sha256:b4fc2525eca2c69a59260f583c56a7557c6ccdf8deafdba6e060f94c1c59738e"},
]

[package.dependencies]
joblib = ">=1.2.0"
numpy = ">=1.19.5"
scipy = ">=1.6.0"
threadpoolctl = ">=3.1.0"

[package.extras]
benchmark = ["matplotlib (>=3.3.4)", "memory_profiler (>=0.57.0)", "pandas (>=1.1.5)"]
build = ["cython (>=3.0.10)", "meson-python (>=0.16.0)", "numpy (>=1.19.5)", "scipy (>=1.6.0)"]
docs = ["Pillow (>=7.1.2)", "matplotlib (>=3.3.4)", "memory_profiler (>=0.57.0)", "numpydoc (>=1.2.0)", "pandas (>=1.1.5)", "plotly (>=5.14.0)", "polars (>=0.20.30)", "pooch (>=1.6.0)", "pydata-sphinx-theme (>=0.15.3)", "scikit-image (>=0.17.2)", "seaborn (>=0.9.0)", "sphinx (>=7.3.7)", "sphinx-copybutton (>=0.5.2)", "sphinx-design (>=0.5.0)", "sphinx-design (>=0.6.0)", "sphinx-gallery (>=0.17.1)", "sphinx-prompt (>=1.4.0)", "sphinx-remove-toctrees (>=1.0.0.post1)", "sphinxcontrib-sass (>=0.3.4)", "sphinxext-opengraph (>=0.9.1)", "towncrier (>=24.8.0)"]
examples = ["matplotlib (>=3.3.4)", "pandas (>=1.1.5)", "plotly (>=5.14.0)", "pooch (>=1.6.0)", "scikit-image (>=0.17.2)", "seaborn (>=0.9.0)"]
install = ["joblib (>=1.2.0)", "numpy (>=1.19.5)", "scipy (>=1.6.0)", "threadpoolctl (>=3.1.0)"]
maintenance = ["conda-lock (==2.5.6)"]
tests = ["black (>=24.3.0)", "matplotlib (>=3.3.4)", "mypy (>=1.9)", "numpydoc (>=1.2.0)", "pandas (>=1.1.5)", "polars (>=0.20.30)", "pooch (>=1.6.0)", "pyamg (>=4.0.0)", "pyarrow (>=12.0.0)", "pytest (>=7.1.2)", "pytest-cov (>=2.9.0)", "ruff (>=0.5.1)", "scikit-image (>=0.17.2)"]

[[package]]
name = "scipy"
version = "1.16.2"
description = "Fundamental algorithms for scientific computing in Python"
optional = false
python-versions = ">=3.11"
groups = ["main"]
files = [
    {file = "scipy-1.16.2-cp311-cp311-macosx_10_14_x86_64.whl", hash = "sha256:6ab88ea43a57da1af33292ebd04b417e8e2eaf9d5aa05700be8d6e1b6501cd92"},
    {file = "scipy-1.16.2-cp311-cp311-macosx_12_0_arm64.whl", hash = "sha256:c95e96c7305c96ede73a7389f46ccd6c659c4da5ef1b2789466baeaed3622b6e"},
    {file = "scipy-1.16.2-cp311-cp311-macosx_14_0_arm64.whl", hash = "sha256:87eb178db04ece7c698220d523c170125dbffebb7af0345e66c3554f6f60c173"},
    {file = "scipy-1.16.2-cp311-cp311-macosx_14_0_x86_64.whl", hash = "sha256:4e409eac067dcee96a57fbcf424c13f428037827ec7ee3cb671ff525ca4fc34d"},
    {file = "scipy-1.16.2-cp311-cp311-manylinux2014_aarch64.manylinux_2_17_aarch64.whl", hash = "sha256:e574be127bb760f0dad24ff6e217c80213d153058372362ccb9555a10fc5e8d2"},
    {file = "scipy-1.16.2-cp311-cp311-manylinux2014_x86_64.manylinux_2_17_x86_64.whl", hash = "sha256:f5db5ba6188d698ba7abab982ad6973265b74bb40a1efe1821b58c87f73892b9"},
    {file = "scipy-1.16.2-cp311-cp311-musllinux_1_2_aarch64.whl", hash = "sha256:ec6e74c4e884104ae006d34110677bfe0098203a3fec2f3faf349f4cb05165e3"},
    {file = "scipy-1.16.2-cp311-cp311-musllinux_1_2_x86_64.whl", hash = "sha256:912f46667d2d3834bc3d57361f854226475f695eb08c08a904aadb1c936b6a88"},
    {file = "scipy-1.16.2-cp311-cp311-win_amd64.whl", hash = "sha256:91e9e8a37befa5a69e9cacbe0bcb79ae5afb4a0b130fd6db6ee6cc0d491695fa"},
    {file = "scipy-1.16.2-cp311-cp311-win_arm64.whl", hash = "sha256:f3bf75a6dcecab62afde4d1f973f1692be013110cad5338007927db8da73249c"},
    {file = "scipy-1.16.2-cp312-cp312-macosx_10_14_x86_64.whl", hash = "sha256:89d6c100fa5c48472047632e06f0876b3c4931aac1f4291afc81a3644316bb0d"},
    {file = "scipy-1.16.2-cp312-cp312-macosx_12_0_arm64.whl", hash = "sha256:ca748936cd579d3f01928b30a17dc474550b01272d8046e3e1ee593f23620371"},
    {file = "scipy-1.16.2-cp312-cp312-macosx_14_0_arm64.whl", hash = "sha256:fac4f8ce2ddb40e2e3d0f7ec36d2a1e7f92559a2471e59aec37bd8d9de01fec0"},
    {file = "scipy-1.16.2-cp312-cp312-macosx_14_0_x86_64.whl", hash = "sha256:033570f1dcefd79547a88e18bccacff025c8c647a330381064f561d43b821232"},
    {file = "scipy-1.16.2-cp312-cp312-manylinux2014_aarch64.manylinux_2_17_aarch64.whl", hash = "sha256:ea3421209bf00c8a5ef2227de496601087d8f638a2363ee09af059bd70976dc1"},
    {file = "scipy-1.16.2-cp312-cp312-manylinux2014_x86_64.manylinux_2_17_x86_64.whl", hash = "sha256:f66bd07ba6f84cd4a380b41d1bf3c59ea488b590a2ff96744845163309ee8e2f"},
    {file = "scipy-1.16.2-cp312-cp312-musllinux_1_2_aarch64.whl", hash = "sha256:5e9feab931bd2aea4a23388c962df6468af3d808ddf2d40f94a81c5dc38f32ef"},
    {file = "scipy-1.16.2-cp312-cp312-musllinux_1_2_x86_64.whl", hash = "sha256:03dfc75e52f72cf23ec2ced468645321407faad8f0fe7b1f5b49264adbc29cb1"},
    {file = "scipy-1.16.2-cp312-cp312-win_amd64.whl", hash = "sha256:0ce54e07bbb394b417457409a64fd015be623f36e330ac49306433ffe04bc97e"},
    {file = "scipy-1.16.2-cp312-cp312-win_arm64.whl", hash = "sha256:2a8ffaa4ac0df81a0b94577b18ee079f13fecdb924df3328fc44a7dc5ac46851"},
    {file = "scipy-1.16.2-cp313-cp313-macosx_10_14_x86_64.whl", hash = "sha256:84f7bf944b43e20b8a894f5fe593976926744f6c185bacfcbdfbb62736b5cc70"},
    {file = "scipy-1.16.2-cp313-cp313-macosx_12_0_arm64.whl", hash = "sha256:5c39026d12edc826a1ef2ad35ad1e6d7f087f934bb868fc43fa3049c8b8508f9"},
    {file = "scipy-1.16.2-cp313-cp313-macosx_14_0_arm64.whl", hash = "sha256:e52729ffd45b68777c5319560014d6fd251294200625d9d70fd8626516fc49f5"},
    {file = "scipy-1.16.2-cp313-cp313-macosx_14_0_x86_64.whl", hash = "sha256:024dd4a118cccec09ca3209b7e8e614931a6ffb804b2a601839499cb88bdf925"},
    {file = "scipy-1.16.2-cp313-cp313-manylinux2014_aarch64.manylinux_2_17_aarch64.whl", hash = "sha256:7a5dc7ee9c33019973a470556081b0fd3c9f4c44019191039f9769183141a4d9"},
    {file = "scipy-1.16.2-cp313-cp313-manylinux2014_x86_64.manylinux_2_17_x86_64.whl", hash = "sha256:c2275ff105e508942f99d4e3bc56b6ef5e4b3c0af970386ca56b777608ce95b7"},
    {file = "scipy-1.16.2-cp313-cp313-musllinux_1_2_aarch64.whl", hash = "sha256:af80196eaa84f033e48444d2e0786ec47d328ba00c71e4299b602235ffef9acb"},
    {file = "scipy-1.16.2-cp313-cp313-musllinux_1_2_x86_64.whl", hash = "sha256:9fb1eb735fe3d6ed1f89918224e3385fbf6f9e23757cacc35f9c78d3b712dd6e"},
    {file = "scipy-1.16.2-cp313-cp313-win_amd64.whl", hash = "sha256:fda714cf45ba43c9d3bae8f2585c777f64e3f89a2e073b668b32ede412d8f52c"},
    {file = "scipy-1.16.2-cp313-cp313-win_arm64.whl", hash = "sha256:2f5350da923ccfd0b00e07c3e5cfb316c1c0d6c1d864c07a72d092e9f20db104"},
    {file = "scipy-1.16.2-cp313-cp313t-macosx_10_14_x86_64.whl", hash = "sha256:53d8d2ee29b925344c13bda64ab51785f016b1b9617849dac10897f0701b20c1"},
    {file = "scipy-1.16.2-cp313-cp313t-macosx_12_0_arm64.whl", hash = "sha256:9e05e33657efb4c6a9d23bd8300101536abd99c85cca82da0bffff8d8764d08a"},
    {file = "scipy-1.16.2-cp313-cp313t-macosx_14_0_arm64.whl", hash = "sha256:7fe65b36036357003b3ef9d37547abeefaa353b237e989c21027b8ed62b12d4f"},
    {file = "scipy-1.16.2-cp313-cp313t-macosx_14_0_x86_64.whl", hash = "sha256:6406d2ac6d40b861cccf57f49592f9779071655e9f75cd4f977fa0bdd09cb2e4"},
    {file = "scipy-1.16.2-cp313-cp313t-manylinux2014_aarch64.manylinux_2_17_aarch64.whl", hash = "sha256:ff4dc42bd321991fbf611c23fc35912d690f731c9914bf3af8f417e64aca0f21"},
    {file = "scipy-1.16.2-cp313-cp313t-manylinux2014_x86_64.manylinux_2_17_x86_64.whl", hash = "sha256:654324826654d4d9133e10675325708fb954bc84dae6e9ad0a52e75c6b1a01d7"},
    {file = "scipy-1.16.2-cp313-cp313t-musllinux_1_2_aarch64.whl", hash = "sha256:63870a84cd15c44e65220eaed2dac0e8f8b26bbb991456a033c1d9abfe8a94f8"},
    {file = "scipy-1.16.2-cp313-cp313t-musllinux_1_2_x86_64.whl", hash = "sha256:fa01f0f6a3050fa6a9771a95d5faccc8e2f5a92b4a2e5440a0fa7264a2398472"},
    {file = "scipy-1.16.2-cp313-cp313t-win_amd64.whl", hash = "sha256:116296e89fba96f76353a8579820c2512f6e55835d3fad7780fece04367de351"},
    {file = "scipy-1.16.2-cp313-cp313t-win_arm64.whl", hash = "sha256:98e22834650be81d42982360382b43b17f7ba95e0e6993e2a4f5b9ad9283a94d"},
    {file = "scipy-1.16.2-cp314-cp314-macosx_10_14_x86_64.whl", hash = "sha256:567e77755019bb7461513c87f02bb73fb65b11f049aaaa8ca17cfaa5a5c45d77"},
    {file = "scipy-1.16.2-cp314-cp314-macosx_12_0_arm64.whl", hash = "sha256:17d9bb346194e8967296621208fcdfd39b55498ef7d2f376884d5ac47cec1a70"},
    {file = "scipy-1.16.2-cp314-cp314-macosx_14_0_arm64.whl", hash = "sha256:0a17541827a9b78b777d33b623a6dcfe2ef4a25806204d08ead0768f4e529a88"},
    {file = "scipy-1.16.2-cp314-cp314-macosx_14_0_x86_64.whl", hash = "sha256:d7d4c6ba016ffc0f9568d012f5f1eb77ddd99412aea121e6fa8b4c3b7cbad91f"},
    {file = "scipy-1.16.2-cp314-cp314-manylinux2014_aarch64.manylinux_2_17_aarch64.whl", hash = "sha256:9702c4c023227785c779cba2e1d6f7635dbb5b2e0936cdd3a4ecb98d78fd41eb"},
    {file = "scipy-1.16.2-cp314-cp314-manylinux2014_x86_64.manylinux_2_17_x86_64.whl", hash = "sha256:d1cdf0ac28948d225decdefcc45ad7dd91716c29ab56ef32f8e0d50657dffcc7"},
    {file = "scipy-1.16.2-cp314-cp314-musllinux_1_2_aarch64.whl", hash = "sha256:70327d6aa572a17c2941cdfb20673f82e536e91850a2e4cb0c5b858b690e1548"},
    {file = "scipy-1.16.2-cp314-cp314-musllinux_1_2_x86_64.whl", hash = "sha256:5221c0b2a4b58aa7c4ed0387d360fd90ee9086d383bb34d9f2789fafddc8a936"},
    {file = "scipy-1.16.2-cp314-cp314-win_amd64.whl", hash = "sha256:f5a85d7b2b708025af08f060a496dd261055b617d776fc05a1a1cc69e09fe9ff"},
    {file = "scipy-1.16.2-cp314-cp314-win_arm64.whl", hash = "sha256:2cc73a33305b4b24556957d5857d6253ce1e2dcd67fa0ff46d87d1670b3e1e1d"},
    {file = "scipy-1.16.2-cp314-cp314t-macosx_10_14_x86_64.whl", hash = "sha256:9ea2a3fed83065d77367775d689401a703d0f697420719ee10c0780bcab594d8"},
    {file = "scipy-1.16.2-cp314-cp314t-macosx_12_0_arm64.whl", hash = "sha256:7280d926f11ca945c3ef92ba960fa924e1465f8d07ce3a9923080363390624c4"},
    {file = "scipy-1.16.2-cp314-cp314t-macosx_14_0_arm64.whl", hash = "sha256:8afae1756f6a1fe04636407ef7dbece33d826a5d462b74f3d0eb82deabefd831"},
    {file = "scipy-1.16.2-cp314-cp314t-macosx_14_0_x86_64.whl", hash = "sha256:5c66511f29aa8d233388e7416a3f20d5cae7a2744d5cee2ecd38c081f4e861b3"},
    {file = "scipy-1.16.2-cp314-cp314t-manylinux2014_aarch64.manylinux_2_17_aarch64.whl", hash = "sha256:efe6305aeaa0e96b0ccca5ff647a43737d9a092064a3894e46c414db84bc54ac"},
    {file = "scipy-1.16.2-cp314-cp314t-manylinux2014_x86_64.manylinux_2_17_x86_64.whl", hash = "sha256:7f3a337d9ae06a1e8d655ee9d8ecb835ea5ddcdcbd8d23012afa055ab014f374"},
    {file = "scipy-1.16.2-cp314-cp314t-musllinux_1_2_aarch64.whl", hash = "sha256:bab3605795d269067d8ce78a910220262711b753de8913d3deeaedb5dded3bb6"},
    {file = "scipy-1.16.2-cp314-cp314t-musllinux_1_2_x86_64.whl", hash = "sha256:b0348d8ddb55be2a844c518cd8cc8deeeb8aeba707cf834db5758fc89b476a2c"},
    {file = "scipy-1.16.2-cp314-cp314t-win_amd64.whl", hash = "sha256:26284797e38b8a75e14ea6631d29bda11e76ceaa6ddb6fdebbfe4c4d90faf2f9"},
    {file = "scipy-1.16.2-cp314-cp314t-win_arm64.whl", hash = "sha256:d2a4472c231328d4de38d5f1f68fdd6d28a615138f842580a8a321b5845cf779"},
    {file = "scipy-1.16.2.tar.gz", hash = "sha256:af029b153d243a80afb6eabe40b0a07f8e35c9adc269c019f364ad747f826a6b"},
]

[package.dependencies]
numpy = ">=1.25.2,<2.6"

[package.extras]
dev = ["cython-lint (>=0.12.2)", "doit (>=0.36.0)", "mypy (==1.10.0)", "pycodestyle", "pydevtool", "rich-click", "ruff (>=0.0.292)", "types-psutil", "typing_extensions"]
doc = ["intersphinx_registry", "jupyterlite-pyodide-kernel", "jupyterlite-sphinx (>=0.19.1)", "jupytext", "linkify-it-py", "matplotlib (>=3.5)", "myst-nb (>=1.2.0)", "numpydoc", "pooch", "pydata-sphinx-theme (>=0.15.2)", "sphinx (>=5.0.0,<8.2.0)", "sphinx-copybutton", "sphinx-design (>=0.4.0)"]
test = ["Cython", "array-api-strict (>=2.3.1)", "asv", "gmpy2", "hypothesis (>=6.30)", "meson", "mpmath", "ninja ; sys_platform != \"emscripten\"", "pooch", "pytest (>=8.0.0)", "pytest-cov", "pytest-timeout", "pytest-xdist", "scikit-umfpack", "threadpoolctl"]

[[package]]
name = "threadpoolctl"
version = "3.6.0"
description = "threadpoolctl"
optional = false
python-versions = ">=3.9"
groups = ["main"]
files = [
    {file = "threadpoolctl-3.6.0-py3-none-any.whl", hash = "sha256:43a0b8fd5a2928500110039e43a5eed8480b918967083ea48dc3ab9f13c4a7fb"},
    {file = "threadpoolctl-3.6.0.tar.gz", hash = "sha256:8ab8b4aa3491d812b623328249fab5302a68d2d71745c8a4c719a2fcaba9f44e"},
]

[metadata]
lock-version = "2.1"
python-versions = ">=3.12"
content-hash = "2c7f61351b5314b0db2ba6b1c34840bdd823d03636c25b09488dfd1f33bae2d3"
